<?xml version="1.0" encoding="utf-8"?>
<Project ToolsVersion="4.0" xmlns="http://schemas.microsoft.com/developer/msbuild/2003">
  <ItemGroup>
    <Filter Include="Source Files">
      <UniqueIdentifier>{4FC737F1-C7A5-4376-A066-2A32D752A2FF}</UniqueIdentifier>
      <Extensions>cpp;c;cc;cxx;def;odl;idl;hpj;bat;asm;asmx</Extensions>
    </Filter>
    <Filter Include="Header Files">
      <UniqueIdentifier>{93995380-89BD-4b04-88EB-625FBE52EBFB}</UniqueIdentifier>
      <Extensions>h;hpp;hxx;hm;inl;inc;xsd</Extensions>
    </Filter>
    <Filter Include="Resource Files">
      <UniqueIdentifier>{67DA6AB6-F800-4c08-8B7A-83BB121AAD01}</UniqueIdentifier>
      <Extensions>rc;ico;cur;bmp;dlg;rc2;rct;bin;rgs;gif;jpg;jpeg;jpe;resx;tiff;tif;png;wav;mfcribbon-ms</Extensions>
    </Filter>
    <Filter Include="dlms">
      <UniqueIdentifier>{e43ed8da-097f-4532-aff8-254300afeff6}</UniqueIdentifier>
    </Filter>
    <Filter Include="dlms\Header Files">
      <UniqueIdentifier>{4101cdb9-4a8f-45b0-b57e-db6b3002320d}</UniqueIdentifier>
    </Filter>
    <Filter Include="dlms\Source Files">
      <UniqueIdentifier>{37405f09-dab6-4f99-944f-5c00530610a2}</UniqueIdentifier>
    </Filter>
  </ItemGroup>
  <ItemGroup>
    <ClCompile Include="..\src\connection.c">
      <Filter>Source Files</Filter>
    </ClCompile>
    <ClCompile Include="..\src\exampleserver.c">
      <Filter>Source Files</Filter>
    </ClCompile>
    <ClCompile Include="..\src\getopt.c">
      <Filter>Source Files</Filter>
    </ClCompile>
    <ClCompile Include="..\src\main.c">
      <Filter>Source Files</Filter>
    </ClCompile>
    <ClCompile Include="..\src\communication.c">
      <Filter>Source Files</Filter>
    </ClCompile>
    <ClCompile Include="..\dlms\src\apdu.c">
      <Filter>dlms\Source Files</Filter>
    </ClCompile>
    <ClCompile Include="..\dlms\src\bitarray.c">
      <Filter>dlms\Source Files</Filter>
    </ClCompile>
    <ClCompile Include="..\dlms\src\bytebuffer.c">
      <Filter>dlms\Source Files</Filter>
    </ClCompile>
    <ClCompile Include="..\dlms\src\ciphering.c">
      <Filter>dlms\Source Files</Filter>
    </ClCompile>
    <ClCompile Include="..\dlms\src\client.c">
      <Filter>dlms\Source Files</Filter>
    </ClCompile>
    <ClCompile Include="..\dlms\src\converters.c">
      <Filter>dlms\Source Files</Filter>
    </ClCompile>
    <ClCompile Include="..\dlms\src\cosem.c">
      <Filter>dlms\Source Files</Filter>
    </ClCompile>
    <ClCompile Include="..\dlms\src\datainfo.c">
      <Filter>dlms\Source Files</Filter>
    </ClCompile>
    <ClCompile Include="..\dlms\src\date.c">
      <Filter>dlms\Source Files</Filter>
    </ClCompile>
    <ClCompile Include="..\dlms\src\dlms.c">
      <Filter>dlms\Source Files</Filter>
    </ClCompile>
    <ClCompile Include="..\dlms\src\dlmsSettings.c">
      <Filter>dlms\Source Files</Filter>
    </ClCompile>
    <ClCompile Include="..\dlms\src\gxaes.c">
      <Filter>dlms\Source Files</Filter>
    </ClCompile>
    <ClCompile Include="..\dlms\src\gxarray.c">
      <Filter>dlms\Source Files</Filter>
    </ClCompile>
    <ClCompile Include="..\dlms\src\gxget.c">
      <Filter>dlms\Source Files</Filter>
    </ClCompile>
    <ClCompile Include="..\dlms\src\gxinvoke.c">
      <Filter>dlms\Source Files</Filter>
    </ClCompile>
    <ClCompile Include="..\dlms\src\gxkey.c">
      <Filter>dlms\Source Files</Filter>
    </ClCompile>
    <ClCompile Include="..\dlms\src\gxmd5.c">
      <Filter>dlms\Source Files</Filter>
    </ClCompile>
    <ClCompile Include="..\dlms\src\gxobjects.c">
      <Filter>dlms\Source Files</Filter>
    </ClCompile>
    <ClCompile Include="..\dlms\src\gxserializer.c">
      <Filter>dlms\Source Files</Filter>
    </ClCompile>
    <ClCompile Include="..\dlms\src\gxset.c">
      <Filter>dlms\Source Files</Filter>
    </ClCompile>
    <ClCompile Include="..\dlms\src\gxsetignoremalloc.c">
      <Filter>dlms\Source Files</Filter>
    </ClCompile>
    <ClCompile Include="..\dlms\src\gxsetmalloc.c">
      <Filter>dlms\Source Files</Filter>
    </ClCompile>
    <ClCompile Include="..\dlms\src\gxsha1.c">
      <Filter>dlms\Source Files</Filter>
    </ClCompile>
    <ClCompile Include="..\dlms\src\gxsha256.c">
      <Filter>dlms\Source Files</Filter>
    </ClCompile>
    <ClCompile Include="..\dlms\src\gxvalueeventargs.c">
      <Filter>dlms\Source Files</Filter>
    </ClCompile>
    <ClCompile Include="..\dlms\src\helpers.c">
      <Filter>dlms\Source Files</Filter>
    </ClCompile>
    <ClCompile Include="..\dlms\src\message.c">
      <Filter>dlms\Source Files</Filter>
    </ClCompile>
    <ClCompile Include="..\dlms\src\notify.c">
      <Filter>dlms\Source Files</Filter>
    </ClCompile>
    <ClCompile Include="..\dlms\src\objectarray.c">
      <Filter>dlms\Source Files</Filter>
    </ClCompile>
    <ClCompile Include="..\dlms\src\parameters.c">
      <Filter>dlms\Source Files</Filter>
    </ClCompile>
    <ClCompile Include="..\dlms\src\replydata.c">
      <Filter>dlms\Source Files</Filter>
    </ClCompile>
    <ClCompile Include="..\dlms\src\server.c">
      <Filter>dlms\Source Files</Filter>
    </ClCompile>
    <ClCompile Include="..\dlms\src\serverevents.c">
      <Filter>dlms\Source Files</Filter>
    </ClCompile>
    <ClCompile Include="..\dlms\src\variant.c">
      <Filter>dlms\Source Files</Filter>
    </ClCompile>
  </ItemGroup>
  <ItemGroup>
    <ClInclude Include="..\include\connection.h">
      <Filter>Header Files</Filter>
    </ClInclude>
    <ClInclude Include="..\include\getopt.h">
      <Filter>Header Files</Filter>
    </ClInclude>
    <ClInclude Include="..\include\exampleserver.h">
      <Filter>Header Files</Filter>
    </ClInclude>
    <ClInclude Include="..\include\communication.h">
      <Filter>Header Files</Filter>
    </ClInclude>
    <ClInclude Include="..\dlms\include\apdu.h">
      <Filter>dlms\Header Files</Filter>
    </ClInclude>
    <ClInclude Include="..\dlms\include\bitarray.h">
      <Filter>dlms\Header Files</Filter>
    </ClInclude>
    <ClInclude Include="..\dlms\include\bytebuffer.h">
      <Filter>dlms\Header Files</Filter>
    </ClInclude>
    <ClInclude Include="..\dlms\include\ciphering.h">
      <Filter>dlms\Header Files</Filter>
    </ClInclude>
    <ClInclude Include="..\dlms\include\cipheringenums.h">
      <Filter>dlms\Header Files</Filter>
    </ClInclude>
    <ClInclude Include="..\dlms\include\client.h">
      <Filter>dlms\Header Files</Filter>
    </ClInclude>
    <ClInclude Include="..\dlms\include\converters.h">
      <Filter>dlms\Header Files</Filter>
    </ClInclude>
    <ClInclude Include="..\dlms\include\cosem.h">
      <Filter>dlms\Header Files</Filter>
    </ClInclude>
    <ClInclude Include="..\dlms\include\crc.h">
      <Filter>dlms\Header Files</Filter>
    </ClInclude>
    <ClInclude Include="..\dlms\include\datainfo.h">
      <Filter>dlms\Header Files</Filter>
    </ClInclude>
    <ClInclude Include="..\dlms\include\date.h">
      <Filter>dlms\Header Files</Filter>
    </ClInclude>
    <ClInclude Include="..\dlms\include\dlms.h">
      <Filter>dlms\Header Files</Filter>
    </ClInclude>
    <ClInclude Include="..\dlms\include\dlmssettings.h">
      <Filter>dlms\Header Files</Filter>
    </ClInclude>
    <ClInclude Include="..\dlms\include\enums.h">
      <Filter>dlms\Header Files</Filter>
    </ClInclude>
    <ClInclude Include="..\dlms\include\errorcodes.h">
      <Filter>dlms\Header Files</Filter>
    </ClInclude>
    <ClInclude Include="..\dlms\include\gxaes.h">
      <Filter>dlms\Header Files</Filter>
    </ClInclude>
    <ClInclude Include="..\dlms\include\gxarray.h">
      <Filter>dlms\Header Files</Filter>
    </ClInclude>
    <ClInclude Include="..\dlms\include\gxdefine.h">
      <Filter>dlms\Header Files</Filter>
    </ClInclude>
    <ClInclude Include="..\dlms\include\gxget.h">
      <Filter>dlms\Header Files</Filter>
    </ClInclude>
    <ClInclude Include="..\dlms\include\gxignore.h">
      <Filter>dlms\Header Files</Filter>
    </ClInclude>
    <ClInclude Include="..\dlms\include\gxint.h">
      <Filter>dlms\Header Files</Filter>
    </ClInclude>
    <ClInclude Include="..\dlms\include\gxinvoke.h">
      <Filter>dlms\Header Files</Filter>
    </ClInclude>
    <ClInclude Include="..\dlms\include\gxkey.h">
      <Filter>dlms\Header Files</Filter>
    </ClInclude>
    <ClInclude Include="..\dlms\include\gxmd5.h">
      <Filter>dlms\Header Files</Filter>
    </ClInclude>
    <ClInclude Include="..\dlms\include\gxmem.h">
      <Filter>dlms\Header Files</Filter>
    </ClInclude>
    <ClInclude Include="..\dlms\include\gxobjects.h">
      <Filter>dlms\Header Files</Filter>
    </ClInclude>
    <ClInclude Include="..\dlms\include\gxserializer.h">
      <Filter>dlms\Header Files</Filter>
    </ClInclude>
    <ClInclude Include="..\dlms\include\gxset.h">
      <Filter>dlms\Header Files</Filter>
    </ClInclude>
    <ClInclude Include="..\dlms\include\gxsetignoremalloc.h">
      <Filter>dlms\Header Files</Filter>
    </ClInclude>
    <ClInclude Include="..\dlms\include\gxsetmalloc.h">
      <Filter>dlms\Header Files</Filter>
    </ClInclude>
    <ClInclude Include="..\dlms\include\gxsha1.h">
      <Filter>dlms\Header Files</Filter>
    </ClInclude>
    <ClInclude Include="..\dlms\include\gxsha256.h">
      <Filter>dlms\Header Files</Filter>
    </ClInclude>
    <ClInclude Include="..\dlms\include\gxvalueeventargs.h">
      <Filter>dlms\Header Files</Filter>
    </ClInclude>
    <ClInclude Include="..\dlms\include\helpers.h">
      <Filter>dlms\Header Files</Filter>
    </ClInclude>
    <ClInclude Include="..\dlms\include\lnparameters.h">
      <Filter>dlms\Header Files</Filter>
    </ClInclude>
    <ClInclude Include="..\dlms\include\message.h">
      <Filter>dlms\Header Files</Filter>
    </ClInclude>
    <ClInclude Include="..\dlms\include\notify.h">
      <Filter>dlms\Header Files</Filter>
    </ClInclude>
    <ClInclude Include="..\dlms\include\objectarray.h">
      <Filter>dlms\Header Files</Filter>
    </ClInclude>
    <ClInclude Include="..\dlms\include\parameters.h">
      <Filter>dlms\Header Files</Filter>
    </ClInclude>
    <ClInclude Include="..\dlms\include\replydata.h">
      <Filter>dlms\Header Files</Filter>
    </ClInclude>
    <ClInclude Include="..\dlms\include\server.h">
      <Filter>dlms\Header Files</Filter>
    </ClInclude>
    <ClInclude Include="..\dlms\include\serverevents.h">
      <Filter>dlms\Header Files</Filter>
    </ClInclude>
    <ClInclude Include="..\dlms\include\snparameters.h">
      <Filter>dlms\Header Files</Filter>
    </ClInclude>
    <ClInclude Include="..\dlms\include\variant.h">
      <Filter>dlms\Header Files</Filter>
    </ClInclude>
  </ItemGroup>
  <ItemGroup>
    <None Include="..\..\README.md" />
  </ItemGroup>
</Project>